
Microsoft Visual Studio Solution File, Format Version 12.00
# Visual Studio Version 16
VisualStudioVersion = 16.0.30011.22
MinimumVisualStudioVersion = 10.0.40219.1
Project("{9A19103F-16F7-4668-BE54-9A1E7A4F7556}") = "FileBackup.Api", "FileBackup.Api\FileBackup.Api.csproj", "{B4BED039-6DDE-43A2-A2B1-AC121271DB9D}"
EndProject
Project("{9A19103F-16F7-4668-BE54-9A1E7A4F7556}") = "FileBackup.Core", "FileBackup.Core\FileBackup.Core.csproj", "{17411692-63D1-47EA-96DA-01D600442050}"
EndProject
Project("{9A19103F-16F7-4668-BE54-9A1E7A4F7556}") = "FileBackup.Infrastructure", "FileBackup.Infrastructure\FileBackup.Infrastructure.csproj", "{FBD1EDEE-CD10-4C09-8137-579B9043BF88}"
EndProject
Global
	GlobalSection(SolutionConfigurationPlatforms) = preSolution
		Debug|Any CPU = Debug|Any CPU
		Release|Any CPU = Release|Any CPU
	EndGlobalSection
	GlobalSection(ProjectConfigurationPlatforms) = postSolution
		{B4BED039-6DDE-43A2-A2B1-AC121271DB9D}.Debug|Any CPU.ActiveCfg = Debug|Any CPU
		{B4BED039-6DDE-43A2-A2B1-AC121271DB9D}.Debug|Any CPU.Build.0 = Debug|Any CPU
		{B4BED039-6DDE-43A2-A2B1-AC121271DB9D}.Release|Any CPU.ActiveCfg = Release|Any CPU
		{B4BED039-6DDE-43A2-A2B1-AC121271DB9D}.Release|Any CPU.Build.0 = Release|Any CPU
		{17411692-63D1-47EA-96DA-01D600442050}.Debug|Any CPU.ActiveCfg = Debug|Any CPU
		{17411692-63D1-47EA-96DA-01D600442050}.Debug|Any CPU.Build.0 = Debug|Any CPU
		{17411692-63D1-47EA-96DA-01D600442050}.Release|Any CPU.ActiveCfg = Release|Any CPU
		{17411692-63D1-47EA-96DA-01D600442050}.Release|Any CPU.Build.0 = Release|Any CPU
		{FBD1EDEE-CD10-4C09-8137-579B9043BF88}.Debug|Any CPU.ActiveCfg = Debug|Any CPU
		{FBD1EDEE-CD10-4C09-8137-579B9043BF88}.Debug|Any CPU.Build.0 = Debug|Any CPU
		{FBD1EDEE-CD10-4C09-8137-579B9043BF88}.Release|Any CPU.ActiveCfg = Release|Any CPU
		{FBD1EDEE-CD10-4C09-8137-579B9043BF88}.Release|Any CPU.Build.0 = Release|Any CPU
	EndGlobalSection
	GlobalSection(SolutionProperties) = preSolution
		HideSolutionNode = FALSE
	EndGlobalSection
	GlobalSection(ExtensibilityGlobals) = postSolution
		SolutionGuid = {F1DDBEED-CE67-42E3-B042-D80285482333}
	EndGlobalSection
EndGlobal
